
Microsoft Visual Studio Solution File, Format Version 12.00
# Visual Studio Version 16
VisualStudioVersion = 16.0.31205.134
MinimumVisualStudioVersion = 10.0.40219.1
Project("{FAE04EC0-301F-11D3-BF4B-00C04F79EFBC}") = "CallManagement", "CallManagement\CallManagement.csproj", "{128FAAF1-5D81-4A57-A1CA-373E0206EE59}"
EndProject
Global
	GlobalSection(SolutionConfigurationPlatforms) = preSolution
		Debug|Any CPU = Debug|Any CPU
		Release|Any CPU = Release|Any CPU
	EndGlobalSection
	GlobalSection(ProjectConfigurationPlatforms) = postSolution
		{128FAAF1-5D81-4A57-A1CA-373E0206EE59}.Debug|Any CPU.ActiveCfg = Debug|Any CPU
		{128FAAF1-5D81-4A57-A1CA-373E0206EE59}.Debug|Any CPU.Build.0 = Debug|Any CPU
		{128FAAF1-5D81-4A57-A1CA-373E0206EE59}.Release|Any CPU.ActiveCfg = Release|Any CPU
		{128FAAF1-5D81-4A57-A1CA-373E0206EE59}.Release|Any CPU.Build.0 = Release|Any CPU
	EndGlobalSection
	GlobalSection(SolutionProperties) = preSolution
		HideSolutionNode = FALSE
	EndGlobalSection
	GlobalSection(ExtensibilityGlobals) = postSolution
		SolutionGuid = {05F195D9-3F72-4D54-BC1D-FDC50A39C20E}
	EndGlobalSection
EndGlobal
